
Microsoft Visual Studio Solution File, Format Version 12.00
# Visual Studio Version 17
VisualStudioVersion = 17.13.35828.75
MinimumVisualStudioVersion = 10.0.40219.1
Project("{FAE04EC0-301F-11D3-BF4B-00C04F79EFBC}") = "PokerHandAnalyzer", "PokerHandAnalyzer\PokerHandAnalyzer.csproj", "{EF3BFFE5-B4D1-4F4F-8B24-FEDF69CBA905}"
EndProject
Project("{FAE04EC0-301F-11D3-BF4B-00C04F79EFBC}") = "PokerEquityCalculator", "PokerEquityCalculator\PokerEquityCalculator.csproj", "{1CA7CDAA-2560-41EC-99C7-860ADDF8C855}"
EndProject
Global
	GlobalSection(SolutionConfigurationPlatforms) = preSolution
		Debug|Any CPU = Debug|Any CPU
		Release|Any CPU = Release|Any CPU
	EndGlobalSection
	GlobalSection(ProjectConfigurationPlatforms) = postSolution
		{EF3BFFE5-B4D1-4F4F-8B24-FEDF69CBA905}.Debug|Any CPU.ActiveCfg = Debug|Any CPU
		{EF3BFFE5-B4D1-4F4F-8B24-FEDF69CBA905}.Debug|Any CPU.Build.0 = Debug|Any CPU
		{EF3BFFE5-B4D1-4F4F-8B24-FEDF69CBA905}.Release|Any CPU.ActiveCfg = Release|Any CPU
		{EF3BFFE5-B4D1-4F4F-8B24-FEDF69CBA905}.Release|Any CPU.Build.0 = Release|Any CPU
		{1CA7CDAA-2560-41EC-99C7-860ADDF8C855}.Debug|Any CPU.ActiveCfg = Debug|Any CPU
		{1CA7CDAA-2560-41EC-99C7-860ADDF8C855}.Debug|Any CPU.Build.0 = Debug|Any CPU
		{1CA7CDAA-2560-41EC-99C7-860ADDF8C855}.Release|Any CPU.ActiveCfg = Release|Any CPU
		{1CA7CDAA-2560-41EC-99C7-860ADDF8C855}.Release|Any CPU.Build.0 = Release|Any CPU
	EndGlobalSection
	GlobalSection(SolutionProperties) = preSolution
		HideSolutionNode = FALSE
	EndGlobalSection
	GlobalSection(ExtensibilityGlobals) = postSolution
		SolutionGuid = {884BF5AA-ADC2-4CFB-8A38-663220C25369}
	EndGlobalSection
EndGlobal
